
Microsoft Visual Studio Solution File, Format Version 12.00
# Visual Studio 15
VisualStudioVersion = 15.0.27703.2042
MinimumVisualStudioVersion = 10.0.40219.1
Project("{FAE04EC0-301F-11D3-BF4B-00C04F79EFBC}") = "WpfHelpers", "WpfHelpers\WpfHelpers.csproj", "{91A492C0-DEC6-4AC7-839F-C127441333A7}"
EndProject
Project("{FAE04EC0-301F-11D3-BF4B-00C04F79EFBC}") = "Licensing", "Licensing\Licensing.csproj", "{6FB8D9AA-F53F-446E-A896-0AFB16BF7661}"
EndProject
Project("{FAE04EC0-301F-11D3-BF4B-00C04F79EFBC}") = "KeyGenerator", "KeyGenerator\KeyGenerator.csproj", "{C13C81D6-7581-4850-9827-3A0B0F72BBA0}"
EndProject
Project("{FAE04EC0-301F-11D3-BF4B-00C04F79EFBC}") = "Tests", "Tests\Tests.csproj", "{E319B851-F1A7-4F8F-B63D-A578B423039F}"
EndProject
Global
	GlobalSection(SolutionConfigurationPlatforms) = preSolution
		Debug|Any CPU = Debug|Any CPU
		Release|Any CPU = Release|Any CPU
	EndGlobalSection
	GlobalSection(ProjectConfigurationPlatforms) = postSolution
		{91A492C0-DEC6-4AC7-839F-C127441333A7}.Debug|Any CPU.ActiveCfg = Debug|Any CPU
		{91A492C0-DEC6-4AC7-839F-C127441333A7}.Debug|Any CPU.Build.0 = Debug|Any CPU
		{91A492C0-DEC6-4AC7-839F-C127441333A7}.Release|Any CPU.ActiveCfg = Release|Any CPU
		{91A492C0-DEC6-4AC7-839F-C127441333A7}.Release|Any CPU.Build.0 = Release|Any CPU
		{6FB8D9AA-F53F-446E-A896-0AFB16BF7661}.Debug|Any CPU.ActiveCfg = Debug|Any CPU
		{6FB8D9AA-F53F-446E-A896-0AFB16BF7661}.Debug|Any CPU.Build.0 = Debug|Any CPU
		{6FB8D9AA-F53F-446E-A896-0AFB16BF7661}.Release|Any CPU.ActiveCfg = Release|Any CPU
		{6FB8D9AA-F53F-446E-A896-0AFB16BF7661}.Release|Any CPU.Build.0 = Release|Any CPU
		{C13C81D6-7581-4850-9827-3A0B0F72BBA0}.Debug|Any CPU.ActiveCfg = Debug|Any CPU
		{C13C81D6-7581-4850-9827-3A0B0F72BBA0}.Debug|Any CPU.Build.0 = Debug|Any CPU
		{C13C81D6-7581-4850-9827-3A0B0F72BBA0}.Release|Any CPU.ActiveCfg = Release|Any CPU
		{C13C81D6-7581-4850-9827-3A0B0F72BBA0}.Release|Any CPU.Build.0 = Release|Any CPU
		{E319B851-F1A7-4F8F-B63D-A578B423039F}.Debug|Any CPU.ActiveCfg = Debug|Any CPU
		{E319B851-F1A7-4F8F-B63D-A578B423039F}.Debug|Any CPU.Build.0 = Debug|Any CPU
		{E319B851-F1A7-4F8F-B63D-A578B423039F}.Release|Any CPU.ActiveCfg = Release|Any CPU
		{E319B851-F1A7-4F8F-B63D-A578B423039F}.Release|Any CPU.Build.0 = Release|Any CPU
	EndGlobalSection
	GlobalSection(SolutionProperties) = preSolution
		HideSolutionNode = FALSE
	EndGlobalSection
	GlobalSection(ExtensibilityGlobals) = postSolution
		SolutionGuid = {C2AE6C1D-E8E1-4BE5-A6BA-326E209E99D8}
	EndGlobalSection
EndGlobal
