
Microsoft Visual Studio Solution File, Format Version 12.00
# Visual Studio 15
VisualStudioVersion = 15.0.27703.2042
MinimumVisualStudioVersion = 10.0.40219.1
Project("{FAE04EC0-301F-11D3-BF4B-00C04F79EFBC}") = "WpfHelpers", "WpfHelpers\WpfHelpers.csproj", "{91A492C0-DEC6-4AC7-839F-C127441333A7}"
EndProject
Global
	GlobalSection(SolutionConfigurationPlatforms) = preSolution
		Debug|Any CPU = Debug|Any CPU
		Release|Any CPU = Release|Any CPU
	EndGlobalSection
	GlobalSection(ProjectConfigurationPlatforms) = postSolution
		{91A492C0-DEC6-4AC7-839F-C127441333A7}.Debug|Any CPU.ActiveCfg = Debug|Any CPU
		{91A492C0-DEC6-4AC7-839F-C127441333A7}.Debug|Any CPU.Build.0 = Debug|Any CPU
		{91A492C0-DEC6-4AC7-839F-C127441333A7}.Release|Any CPU.ActiveCfg = Release|Any CPU
		{91A492C0-DEC6-4AC7-839F-C127441333A7}.Release|Any CPU.Build.0 = Release|Any CPU
	EndGlobalSection
	GlobalSection(SolutionProperties) = preSolution
		HideSolutionNode = FALSE
	EndGlobalSection
	GlobalSection(ExtensibilityGlobals) = postSolution
		SolutionGuid = {C2AE6C1D-E8E1-4BE5-A6BA-326E209E99D8}
	EndGlobalSection
EndGlobal
